
Microsoft Visual Studio Solution File, Format Version 12.00
# Visual Studio Version 17
VisualStudioVersion = 17.0.32014.148
MinimumVisualStudioVersion = 10.0.40219.1
Project("{9A19103F-16F7-4668-BE54-9A1E7A4F7556}") = "01. AllocateArray", "AllocateArray\01. AllocateArray.csproj", "{497623B0-57C5-4606-BA46-9C80B21C6F6B}"
EndProject
Project("{9A19103F-16F7-4668-BE54-9A1E7A4F7556}") = "02. CompareArrays", "CompareArrays\02. CompareArrays.csproj", "{6614C1FF-4FFF-4184-95C4-BBF8BD2F1982}"
EndProject
Project("{FAE04EC0-301F-11D3-BF4B-00C04F79EFBC}") = "03. CompareCharArrays", "03. CompareCharArrays\03. CompareCharArrays.csproj", "{3DB17673-489D-4C32-A511-2498AF991BE7}"
EndProject
Global
	GlobalSection(SolutionConfigurationPlatforms) = preSolution
		Debug|Any CPU = Debug|Any CPU
		Release|Any CPU = Release|Any CPU
	EndGlobalSection
	GlobalSection(ProjectConfigurationPlatforms) = postSolution
		{497623B0-57C5-4606-BA46-9C80B21C6F6B}.Debug|Any CPU.ActiveCfg = Debug|Any CPU
		{497623B0-57C5-4606-BA46-9C80B21C6F6B}.Debug|Any CPU.Build.0 = Debug|Any CPU
		{497623B0-57C5-4606-BA46-9C80B21C6F6B}.Release|Any CPU.ActiveCfg = Release|Any CPU
		{497623B0-57C5-4606-BA46-9C80B21C6F6B}.Release|Any CPU.Build.0 = Release|Any CPU
		{6614C1FF-4FFF-4184-95C4-BBF8BD2F1982}.Debug|Any CPU.ActiveCfg = Debug|Any CPU
		{6614C1FF-4FFF-4184-95C4-BBF8BD2F1982}.Debug|Any CPU.Build.0 = Debug|Any CPU
		{6614C1FF-4FFF-4184-95C4-BBF8BD2F1982}.Release|Any CPU.ActiveCfg = Release|Any CPU
		{6614C1FF-4FFF-4184-95C4-BBF8BD2F1982}.Release|Any CPU.Build.0 = Release|Any CPU
		{3DB17673-489D-4C32-A511-2498AF991BE7}.Debug|Any CPU.ActiveCfg = Debug|Any CPU
		{3DB17673-489D-4C32-A511-2498AF991BE7}.Debug|Any CPU.Build.0 = Debug|Any CPU
		{3DB17673-489D-4C32-A511-2498AF991BE7}.Release|Any CPU.ActiveCfg = Release|Any CPU
		{3DB17673-489D-4C32-A511-2498AF991BE7}.Release|Any CPU.Build.0 = Release|Any CPU
	EndGlobalSection
	GlobalSection(SolutionProperties) = preSolution
		HideSolutionNode = FALSE
	EndGlobalSection
	GlobalSection(ExtensibilityGlobals) = postSolution
		SolutionGuid = {F6620BD3-966C-4126-B9AB-92A8FF021CEA}
	EndGlobalSection
EndGlobal
