
Microsoft Visual Studio Solution File, Format Version 12.00
# Visual Studio Version 17
VisualStudioVersion = 17.0.32014.148
MinimumVisualStudioVersion = 10.0.40219.1
Project("{9A19103F-16F7-4668-BE54-9A1E7A4F7556}") = "01.NumbersFrom1ToN", "01.NumbersFrom1ToN\01.NumbersFrom1ToN.csproj", "{EBAC1247-243E-42F3-946F-414D70D888CF}"
EndProject
Project("{9A19103F-16F7-4668-BE54-9A1E7A4F7556}") = "02. NotDivisibleBy3And7", "02. NotDivisibleBy3And7\02. NotDivisibleBy3And7.csproj", "{6AB97A6F-2543-4E18-B8C9-CA530DB322C8}"
EndProject
Project("{9A19103F-16F7-4668-BE54-9A1E7A4F7556}") = "03.Min_Max_Sum_AvgOfNNumbers_H", "03. Min_Max_Sum_AvgOfNNumbers\03.Min_Max_Sum_AvgOfNNumbers_H.csproj", "{8B286A76-84F1-492F-915F-C61E26986A45}"
EndProject
Project("{FAE04EC0-301F-11D3-BF4B-00C04F79EFBC}") = "04.StandartDeck", "04.StandartDeck\04.StandartDeck.csproj", "{DDC0637C-2992-4792-AFBB-D545C114B31B}"
EndProject
Project("{FAE04EC0-301F-11D3-BF4B-00C04F79EFBC}") = "06.DividingFactorials", "06.DividingFactorials\06.DividingFactorials.csproj", "{C545F0C3-711B-44CB-9041-4E3D7F49A285}"
EndProject
Global
	GlobalSection(SolutionConfigurationPlatforms) = preSolution
		Debug|Any CPU = Debug|Any CPU
		Release|Any CPU = Release|Any CPU
	EndGlobalSection
	GlobalSection(ProjectConfigurationPlatforms) = postSolution
		{EBAC1247-243E-42F3-946F-414D70D888CF}.Debug|Any CPU.ActiveCfg = Debug|Any CPU
		{EBAC1247-243E-42F3-946F-414D70D888CF}.Debug|Any CPU.Build.0 = Debug|Any CPU
		{EBAC1247-243E-42F3-946F-414D70D888CF}.Release|Any CPU.ActiveCfg = Release|Any CPU
		{EBAC1247-243E-42F3-946F-414D70D888CF}.Release|Any CPU.Build.0 = Release|Any CPU
		{6AB97A6F-2543-4E18-B8C9-CA530DB322C8}.Debug|Any CPU.ActiveCfg = Debug|Any CPU
		{6AB97A6F-2543-4E18-B8C9-CA530DB322C8}.Debug|Any CPU.Build.0 = Debug|Any CPU
		{6AB97A6F-2543-4E18-B8C9-CA530DB322C8}.Release|Any CPU.ActiveCfg = Release|Any CPU
		{6AB97A6F-2543-4E18-B8C9-CA530DB322C8}.Release|Any CPU.Build.0 = Release|Any CPU
		{8B286A76-84F1-492F-915F-C61E26986A45}.Debug|Any CPU.ActiveCfg = Debug|Any CPU
		{8B286A76-84F1-492F-915F-C61E26986A45}.Debug|Any CPU.Build.0 = Debug|Any CPU
		{8B286A76-84F1-492F-915F-C61E26986A45}.Release|Any CPU.ActiveCfg = Release|Any CPU
		{8B286A76-84F1-492F-915F-C61E26986A45}.Release|Any CPU.Build.0 = Release|Any CPU
		{DDC0637C-2992-4792-AFBB-D545C114B31B}.Debug|Any CPU.ActiveCfg = Debug|Any CPU
		{DDC0637C-2992-4792-AFBB-D545C114B31B}.Debug|Any CPU.Build.0 = Debug|Any CPU
		{DDC0637C-2992-4792-AFBB-D545C114B31B}.Release|Any CPU.ActiveCfg = Release|Any CPU
		{DDC0637C-2992-4792-AFBB-D545C114B31B}.Release|Any CPU.Build.0 = Release|Any CPU
		{C545F0C3-711B-44CB-9041-4E3D7F49A285}.Debug|Any CPU.ActiveCfg = Debug|Any CPU
		{C545F0C3-711B-44CB-9041-4E3D7F49A285}.Debug|Any CPU.Build.0 = Debug|Any CPU
		{C545F0C3-711B-44CB-9041-4E3D7F49A285}.Release|Any CPU.ActiveCfg = Release|Any CPU
		{C545F0C3-711B-44CB-9041-4E3D7F49A285}.Release|Any CPU.Build.0 = Release|Any CPU
	EndGlobalSection
	GlobalSection(SolutionProperties) = preSolution
		HideSolutionNode = FALSE
	EndGlobalSection
	GlobalSection(ExtensibilityGlobals) = postSolution
		SolutionGuid = {414DC45A-AF62-479D-86B3-817A269AA979}
	EndGlobalSection
EndGlobal
