
Microsoft Visual Studio Solution File, Format Version 12.00
# Visual Studio Version 17
VisualStudioVersion = 17.0.32014.148
MinimumVisualStudioVersion = 10.0.40219.1
Project("{9A19103F-16F7-4668-BE54-9A1E7A4F7556}") = "01. AllocateArray", "AllocateArray\01. AllocateArray.csproj", "{497623B0-57C5-4606-BA46-9C80B21C6F6B}"
EndProject
Project("{9A19103F-16F7-4668-BE54-9A1E7A4F7556}") = "02. CompareArrays", "CompareArrays\02. CompareArrays.csproj", "{6614C1FF-4FFF-4184-95C4-BBF8BD2F1982}"
EndProject
Project("{9A19103F-16F7-4668-BE54-9A1E7A4F7556}") = "03. CompareCharArrays", "03. CompareCharArrays\03. CompareCharArrays.csproj", "{46296B3C-66DD-459D-B623-4B68C312EB18}"
EndProject
Project("{9A19103F-16F7-4668-BE54-9A1E7A4F7556}") = "04. MaximalSequence", "04. MaximalSequence\04. MaximalSequence.csproj", "{264EC7B6-43B7-4466-9C07-47ED9F7F7953}"
EndProject
Project("{FAE04EC0-301F-11D3-BF4B-00C04F79EFBC}") = "05. MaximalIncreacingSequence", "05. MaximalIncreacingSequence\05. MaximalIncreacingSequence.csproj", "{301704A4-8712-4699-BDF3-01E3E60A49C5}"
EndProject
Global
	GlobalSection(SolutionConfigurationPlatforms) = preSolution
		Debug|Any CPU = Debug|Any CPU
		Release|Any CPU = Release|Any CPU
	EndGlobalSection
	GlobalSection(ProjectConfigurationPlatforms) = postSolution
		{497623B0-57C5-4606-BA46-9C80B21C6F6B}.Debug|Any CPU.ActiveCfg = Debug|Any CPU
		{497623B0-57C5-4606-BA46-9C80B21C6F6B}.Debug|Any CPU.Build.0 = Debug|Any CPU
		{497623B0-57C5-4606-BA46-9C80B21C6F6B}.Release|Any CPU.ActiveCfg = Release|Any CPU
		{497623B0-57C5-4606-BA46-9C80B21C6F6B}.Release|Any CPU.Build.0 = Release|Any CPU
		{6614C1FF-4FFF-4184-95C4-BBF8BD2F1982}.Debug|Any CPU.ActiveCfg = Debug|Any CPU
		{6614C1FF-4FFF-4184-95C4-BBF8BD2F1982}.Debug|Any CPU.Build.0 = Debug|Any CPU
		{6614C1FF-4FFF-4184-95C4-BBF8BD2F1982}.Release|Any CPU.ActiveCfg = Release|Any CPU
		{6614C1FF-4FFF-4184-95C4-BBF8BD2F1982}.Release|Any CPU.Build.0 = Release|Any CPU
		{46296B3C-66DD-459D-B623-4B68C312EB18}.Debug|Any CPU.ActiveCfg = Debug|Any CPU
		{46296B3C-66DD-459D-B623-4B68C312EB18}.Debug|Any CPU.Build.0 = Debug|Any CPU
		{46296B3C-66DD-459D-B623-4B68C312EB18}.Release|Any CPU.ActiveCfg = Release|Any CPU
		{46296B3C-66DD-459D-B623-4B68C312EB18}.Release|Any CPU.Build.0 = Release|Any CPU
		{264EC7B6-43B7-4466-9C07-47ED9F7F7953}.Debug|Any CPU.ActiveCfg = Debug|Any CPU
		{264EC7B6-43B7-4466-9C07-47ED9F7F7953}.Debug|Any CPU.Build.0 = Debug|Any CPU
		{264EC7B6-43B7-4466-9C07-47ED9F7F7953}.Release|Any CPU.ActiveCfg = Release|Any CPU
		{264EC7B6-43B7-4466-9C07-47ED9F7F7953}.Release|Any CPU.Build.0 = Release|Any CPU
		{301704A4-8712-4699-BDF3-01E3E60A49C5}.Debug|Any CPU.ActiveCfg = Debug|Any CPU
		{301704A4-8712-4699-BDF3-01E3E60A49C5}.Debug|Any CPU.Build.0 = Debug|Any CPU
		{301704A4-8712-4699-BDF3-01E3E60A49C5}.Release|Any CPU.ActiveCfg = Release|Any CPU
		{301704A4-8712-4699-BDF3-01E3E60A49C5}.Release|Any CPU.Build.0 = Release|Any CPU
	EndGlobalSection
	GlobalSection(SolutionProperties) = preSolution
		HideSolutionNode = FALSE
	EndGlobalSection
	GlobalSection(ExtensibilityGlobals) = postSolution
		SolutionGuid = {F6620BD3-966C-4126-B9AB-92A8FF021CEA}
	EndGlobalSection
EndGlobal
